
Microsoft Visual Studio Solution File, Format Version 12.00
# Visual Studio Version 17
VisualStudioVersion = 17.3.32819.101
MinimumVisualStudioVersion = 10.0.40219.1
Project("{FAE04EC0-301F-11D3-BF4B-00C04F79EFBC}") = "ArdienteFuzzyLogic", "ArdienteFuzzyLogic\ArdienteFuzzyLogic.csproj", "{C6A6F0D8-97E6-4693-AA87-F41B889B68ED}"
EndProject
Global
	GlobalSection(SolutionConfigurationPlatforms) = preSolution
		Debug|Any CPU = Debug|Any CPU
		Release|Any CPU = Release|Any CPU
	EndGlobalSection
	GlobalSection(ProjectConfigurationPlatforms) = postSolution
		{C6A6F0D8-97E6-4693-AA87-F41B889B68ED}.Debug|Any CPU.ActiveCfg = Debug|Any CPU
		{C6A6F0D8-97E6-4693-AA87-F41B889B68ED}.Debug|Any CPU.Build.0 = Debug|Any CPU
		{C6A6F0D8-97E6-4693-AA87-F41B889B68ED}.Release|Any CPU.ActiveCfg = Release|Any CPU
		{C6A6F0D8-97E6-4693-AA87-F41B889B68ED}.Release|Any CPU.Build.0 = Release|Any CPU
	EndGlobalSection
	GlobalSection(SolutionProperties) = preSolution
		HideSolutionNode = FALSE
	EndGlobalSection
	GlobalSection(ExtensibilityGlobals) = postSolution
		SolutionGuid = {5E05565A-AFE5-4BDB-8FAD-BE1CF038FB48}
	EndGlobalSection
EndGlobal
